Microsoft Visual Studio Solution File, Format Version 12.00
# Visual Studio Version 17
VisualStudioVersion = 17.5.2.0
MinimumVisualStudioVersion = 10.0.40219.1
Project("{FAE04EC0-301F-11D3-BF4B-00C04F79EFBC}") = "SauApp", "SauApp\SauApp.csproj", "{988EFB94-DDDE-316F-AB5E-A1316AC9FA1D}"
EndProject
Global
	GlobalSection(SolutionConfigurationPlatforms) = preSolution
		Debug|Any CPU = Debug|Any CPU
		Release|Any CPU = Release|Any CPU
	EndGlobalSection
	GlobalSection(ProjectConfigurationPlatforms) = postSolution
		{988EFB94-DDDE-316F-AB5E-A1316AC9FA1D}.Debug|Any CPU.ActiveCfg = Debug|Any CPU
		{988EFB94-DDDE-316F-AB5E-A1316AC9FA1D}.Debug|Any CPU.Build.0 = Debug|Any CPU
		{988EFB94-DDDE-316F-AB5E-A1316AC9FA1D}.Release|Any CPU.ActiveCfg = Release|Any CPU
		{988EFB94-DDDE-316F-AB5E-A1316AC9FA1D}.Release|Any CPU.Build.0 = Release|Any CPU
	EndGlobalSection
	GlobalSection(SolutionProperties) = preSolution
		HideSolutionNode = FALSE
	EndGlobalSection
	GlobalSection(ExtensibilityGlobals) = postSolution
		SolutionGuid = {7CD094A2-B12A-4C55-B744-584B937C61FB}
	EndGlobalSection
EndGlobal
